// !$*UTF8*$!
{
	archiveVersion = 1;
	classes = {
	};
	objectVersion = 77;
	objects = {

/* Begin PBXContainerItemProxy section */
		84C2CB362CB8EDC2009C5B61 /* PBXContainerItemProxy */ = {
			isa = PBXContainerItemProxy;
			containerPortal = 84C2CB1D2CB8EDC1009C5B61 /* Project object */;
			proxyType = 1;
			remoteGlobalIDString = 84C2CB242CB8EDC1009C5B61;
			remoteInfo = "wyj-Memorize";
		};
		84C2CB402CB8EDC2009C5B61 /* PBXContainerItemProxy */ = {
			isa = PBXContainerItemProxy;
			containerPortal = 84C2CB1D2CB8EDC1009C5B61 /* Project object */;
			proxyType = 1;
			remoteGlobalIDString = 84C2CB242CB8EDC1009C5B61;
			remoteInfo = "wyj-Memorize";
		};
/* End PBXContainerItemProxy section */

/* Begin PBXFileReference section */
		84C2CB252CB8EDC1009C5B61 /* wyj-Memorize.app */ = {isa = PBXFileReference; explicitFileType = wrapper.application; includeInIndex = 0; path = "wyj-Memorize.app"; sourceTree = BUILT_PRODUCTS_DIR; };
		84C2CB352CB8EDC2009C5B61 /* wyj-MemorizeTests.xctest */ = {isa = PBXFileReference; explicitFileType = wrapper.cfbundle; includeInIndex = 0; path = "wyj-MemorizeTests.xctest"; sourceTree = BUILT_PRODUCTS_DIR; };
		84C2CB3F2CB8EDC2009C5B61 /* wyj-MemorizeUITests.xctest */ = {isa = PBXFileReference; explicitFileType = wrapper.cfbundle; includeInIndex = 0; path = "wyj-MemorizeUITests.xctest"; sourceTree = BUILT_PRODUCTS_DIR; };
/* End PBXFileReference section */

/* Begin PBXFileSystemSynchronizedRootGroup section */
		84C2CB272CB8EDC1009C5B61 /* wyj-Memorize */ = {
			isa = PBXFileSystemSynchronizedRootGroup;
			path = "wyj-Memorize";
			sourceTree = "<group>";
		};
		84C2CB382CB8EDC2009C5B61 /* wyj-MemorizeTests */ = {
			isa = PBXFileSystemSynchronizedRootGroup;
			path = "wyj-MemorizeTests";
			sourceTree = "<group>";
		};
		84C2CB422CB8EDC2009C5B61 /* wyj-MemorizeUITests */ = {
			isa = PBXFileSystemSynchronizedRootGroup;
			path = "wyj-MemorizeUITests";
			sourceTree = "<group>";
		};
/* End PBXFileSystemSynchronizedRootGroup section */

/* Begin PBXFrameworksBuildPhase section */
		84C2CB222CB8EDC1009C5B61 /* Frameworks */ = {
			isa = PBXFrameworksBuildPhase;
			buildActionMask = 2147483647;
			files = (
			);
			runOnlyForDeploymentPostprocessing = 0;
		};
		84C2CB322CB8EDC2009C5B61 /* Frameworks */ = {
			isa = PBXFrameworksBuildPhase;
			buildActionMask = 2147483647;
			files = (
			);
			runOnlyForDeploymentPostprocessing = 0;
		};
		84C2CB3C2CB8EDC2009C5B61 /* Frameworks */ = {
			isa = PBXFrameworksBuildPhase;
			buildActionMask = 2147483647;
			files = (
			);
			runOnlyForDeploymentPostprocessing = 0;
		};
/* End PBXFrameworksBuildPhase section */

/* Begin PBXGroup section */
		84C2CB1C2CB8EDC1009C5B61 = {
			isa = PBXGroup;
			children = (
				84C2CB272CB8EDC1009C5B61 /* wyj-Memorize */,
				84C2CB382CB8EDC2009C5B61 /* wyj-MemorizeTests */,
				84C2CB422CB8EDC2009C5B61 /* wyj-MemorizeUITests */,
				84C2CB262CB8EDC1009C5B61 /* Products */,
			);
			sourceTree = "<group>";
		};
		84C2CB262CB8EDC1009C5B61 /* Products */ = {
			isa = PBXGroup;
			children = (
				84C2CB252CB8EDC1009C5B61 /* wyj-Memorize.app */,
				84C2CB352CB8EDC2009C5B61 /* wyj-MemorizeTests.xctest */,
				84C2CB3F2CB8EDC2009C5B61 /* wyj-MemorizeUITests.xctest */,
			);
			name = Products;
			sourceTree = "<group>";
		};
/* End PBXGroup section */

/* Begin PBXNativeTarget section */
		84C2CB242CB8EDC1009C5B61 /* wyj-Memorize */ = {
			isa = PBXNativeTarget;
			buildConfigurationList = 84C2CB492CB8EDC2009C5B61 /* Build configuration list for PBXNativeTarget "wyj-Memorize" */;
			buildPhases = (
				84C2CB212CB8EDC1009C5B61 /* Sources */,
				84C2CB222CB8EDC1009C5B61 /* Frameworks */,
				84C2CB232CB8EDC1009C5B61 /* Resources */,
			);
			buildRules = (
			);
			dependencies = (
			);
			fileSystemSynchronizedGroups = (
				84C2CB272CB8EDC1009C5B61 /* wyj-Memorize */,
			);
			name = "wyj-Memorize";
			packageProductDependencies = (
			);
			productName = "wyj-Memorize";
			productReference = 84C2CB252CB8EDC1009C5B61 /* wyj-Memorize.app */;
			productType = "com.apple.product-type.application";
		};
		84C2CB342CB8EDC2009C5B61 /* wyj-MemorizeTests */ = {
			isa = PBXNativeTarget;
			buildConfigurationList = 84C2CB4C2CB8EDC2009C5B61 /* Build configuration list for PBXNativeTarget "wyj-MemorizeTests" */;
			buildPhases = (
				84C2CB312CB8EDC2009C5B61 /* Sources */,
				84C2CB322CB8EDC2009C5B61 /* Frameworks */,
				84C2CB332CB8EDC2009C5B61 /* Resources */,
			);
			buildRules = (
			);
			dependencies = (
				84C2CB372CB8EDC2009C5B61 /* PBXTargetDependency */,
			);
			fileSystemSynchronizedGroups = (
				84C2CB382CB8EDC2009C5B61 /* wyj-MemorizeTests */,
			);
			name = "wyj-MemorizeTests";
			packageProductDependencies = (
			);
			productName = "wyj-MemorizeTests";
			productReference = 84C2CB352CB8EDC2009C5B61 /* wyj-MemorizeTests.xctest */;
			productType = "com.apple.product-type.bundle.unit-test";
		};
		84C2CB3E2CB8EDC2009C5B61 /* wyj-MemorizeUITests */ = {
			isa = PBXNativeTarget;
			buildConfigurationList = 84C2CB4F2CB8EDC2009C5B61 /* Build configuration list for PBXNativeTarget "wyj-MemorizeUITests" */;
			buildPhases = (
				84C2CB3B2CB8EDC2009C5B61 /* Sources */,
				84C2CB3C2CB8EDC2009C5B61 /* Frameworks */,
				84C2CB3D2CB8EDC2009C5B61 /* Resources */,
			);
			buildRules = (
			);
			dependencies = (
				84C2CB412CB8EDC2009C5B61 /* PBXTargetDependency */,
			);
			fileSystemSynchronizedGroups = (
				84C2CB422CB8EDC2009C5B61 /* wyj-MemorizeUITests */,
			);
			name = "wyj-MemorizeUITests";
			packageProductDependencies = (
			);
			productName = "wyj-MemorizeUITests";
			productReference = 84C2CB3F2CB8EDC2009C5B61 /* wyj-MemorizeUITests.xctest */;
			productType = "com.apple.product-type.bundle.ui-testing";
		};
/* End PBXNativeTarget section */

/* Begin PBXProject section */
		84C2CB1D2CB8EDC1009C5B61 /* Project object */ = {
			isa = PBXProject;
			attributes = {
				BuildIndependentTargetsInParallel = 1;
				LastSwiftUpdateCheck = 1600;
				LastUpgradeCheck = 1600;
				TargetAttributes = {
					84C2CB242CB8EDC1009C5B61 = {
						CreatedOnToolsVersion = 16.0;
					};
					84C2CB342CB8EDC2009C5B61 = {
						CreatedOnToolsVersion = 16.0;
						TestTargetID = 84C2CB242CB8EDC1009C5B61;
					};
					84C2CB3E2CB8EDC2009C5B61 = {
						CreatedOnToolsVersion = 16.0;
						TestTargetID = 84C2CB242CB8EDC1009C5B61;
					};
				};
			};
			buildConfigurationList = 84C2CB202CB8EDC1009C5B61 /* Build configuration list for PBXProject "wyj-Memorize" */;
			developmentRegion = en;
			hasScannedForEncodings = 0;
			knownRegions = (
				en,
				Base,
			);
			mainGroup = 84C2CB1C2CB8EDC1009C5B61;
			minimizedProjectReferenceProxies = 1;
			preferredProjectObjectVersion = 77;
			productRefGroup = 84C2CB262CB8EDC1009C5B61 /* Products */;
			projectDirPath = "";
			projectRoot = "";
			targets = (
				84C2CB242CB8EDC1009C5B61 /* wyj-Memorize */,
				84C2CB342CB8EDC2009C5B61 /* wyj-MemorizeTests */,
				84C2CB3E2CB8EDC2009C5B61 /* wyj-MemorizeUITests */,
			);
		};
/* End PBXProject section */

/* Begin PBXResourcesBuildPhase section */
		84C2CB232CB8EDC1009C5B61 /* Resources */ = {
			isa = PBXResourcesBuildPhase;
			buildActionMask = 2147483647;
			files = (
			);
			runOnlyForDeploymentPostprocessing = 0;
		};
		84C2CB332CB8EDC2009C5B61 /* Resources */ = {
			isa = PBXResourcesBuildPhase;
			buildActionMask = 2147483647;
			files = (
			);
			runOnlyForDeploymentPostprocessing = 0;
		};
		84C2CB3D2CB8EDC2009C5B61 /* Resources */ = {
			isa = PBXResourcesBuildPhase;
			buildActionMask = 2147483647;
			files = (
			);
			runOnlyForDeploymentPostprocessing = 0;
		};
/* End PBXResourcesBuildPhase section */

/* Begin PBXSourcesBuildPhase section */
		84C2CB212CB8EDC1009C5B61 /* Sources */ = {
			isa = PBXSourcesBuildPhase;
			buildActionMask = 2147483647;
			files = (
			);
			runOnlyForDeploymentPostprocessing = 0;
		};
		84C2CB312CB8EDC2009C5B61 /* Sources */ = {
			isa = PBXSourcesBuildPhase;
			buildActionMask = 2147483647;
			files = (
			);
			runOnlyForDeploymentPostprocessing = 0;
		};
		84C2CB3B2CB8EDC2009C5B61 /* Sources */ = {
			isa = PBXSourcesBuildPhase;
			buildActionMask = 2147483647;
			files = (
			);
			runOnlyForDeploymentPostprocessing = 0;
		};
/* End PBXSourcesBuildPhase section */

/* Begin PBXTargetDependency section */
		84C2CB372CB8EDC2009C5B61 /* PBXTargetDependency */ = {
			isa = PBXTargetDependency;
			target = 84C2CB242CB8EDC1009C5B61 /* wyj-Memorize */;
			targetProxy = 84C2CB362CB8EDC2009C5B61 /* PBXContainerItemProxy */;
		};
		84C2CB412CB8EDC2009C5B61 /* PBXTargetDependency */ = {
			isa = PBXTargetDependency;
			target = 84C2CB242CB8EDC1009C5B61 /* wyj-Memorize */;
			targetProxy = 84C2CB402CB8EDC2009C5B61 /* PBXContainerItemProxy */;
		};
/* End PBXTargetDependency section */

/* Begin XCBuildConfiguration section */
		84C2CB472CB8EDC2009C5B61 /* Debug */ = {
			isa = XCBuildConfiguration;
			buildSettings = {
				ALWAYS_SEARCH_USER_PATHS = NO;
				ASSETCATALOG_COMPILER_GENERATE_SWIFT_ASSET_SYMBOL_EXTENSIONS = YES;
				CLANG_ANALYZER_NONNULL = YES;
				CLANG_ANALYZER_NUMBER_OBJECT_CONVERSION = YES_AGGRESSIVE;
				CLANG_CXX_LANGUAGE_STANDARD = "gnu++20";
				CLANG_ENABLE_MODULES = YES;
				CLANG_ENABLE_OBJC_ARC = YES;
				CLANG_ENABLE_OBJC_WEAK = YES;
				CLANG_WARN_BLOCK_CAPTURE_AUTORELEASING = YES;
				CLANG_WARN_BOOL_CONVERSION = YES;
				CLANG_WARN_COMMA = YES;
				CLANG_WARN_CONSTANT_CONVERSION = YES;
				CLANG_WARN_DEPRECATED_OBJC_IMPLEMENTATIONS = YES;
				CLANG_WARN_DIRECT_OBJC_ISA_USAGE = YES_ERROR;
				CLANG_WARN_DOCUMENTATION_COMMENTS = YES;
				CLANG_WARN_EMPTY_BODY = YES;
				CLANG_WARN_ENUM_CONVERSION = YES;
				CLANG_WARN_INFINITE_RECURSION = YES;
				CLANG_WARN_INT_CONVERSION = YES;
				CLANG_WARN_NON_LITERAL_NULL_CONVERSION = YES;
				CLANG_WARN_OBJC_IMPLICIT_RETAIN_SELF = YES;
				CLANG_WARN_OBJC_LITERAL_CONVERSION = YES;
				CLANG_WARN_OBJC_ROOT_CLASS = YES_ERROR;
				CLANG_WARN_QUOTED_INCLUDE_IN_FRAMEWORK_HEADER = YES;
				CLANG_WARN_RANGE_LOOP_ANALYSIS = YES;
				CLANG_WARN_STRICT_PROTOTYPES = YES;
				CLANG_WARN_SUSPICIOUS_MOVE = YES;
				CLANG_WARN_UNGUARDED_AVAILABILITY = YES_AGGRESSIVE;
				CLANG_WARN_UNREACHABLE_CODE = YES;
				CLANG_WARN__DUPLICATE_METHOD_MATCH = YES;
				COPY_PHASE_STRIP = NO;
				DEBUG_INFORMATION_FORMAT = dwarf;
				ENABLE_STRICT_OBJC_MSGSEND = YES;
				ENABLE_TESTABILITY = YES;
				ENABLE_USER_SCRIPT_SANDBOXING = YES;
				GCC_C_LANGUAGE_STANDARD = gnu17;
				GCC_DYNAMIC_NO_PIC = NO;
				GCC_NO_COMMON_BLOCKS = YES;
				GCC_OPTIMIZATION_LEVEL = 0;
				GCC_PREPROCESSOR_DEFINITIONS = (
					"DEBUG=1",
					"$(inherited)",
				);
				GCC_WARN_64_TO_32_BIT_CONVERSION = YES;
				GCC_WARN_ABOUT_RETURN_TYPE = YES_ERROR;
				GCC_WARN_UNDECLARED_SELECTOR = YES;
				GCC_WARN_UNINITIALIZED_AUTOS = YES_AGGRESSIVE;
				GCC_WARN_UNUSED_FUNCTION = YES;
				GCC_WARN_UNUSED_VARIABLE = YES;
				IPHONEOS_DEPLOYMENT_TARGET = 18.0;
				LOCALIZATION_PREFERS_STRING_CATALOGS = YES;
				MTL_ENABLE_DEBUG_INFO = INCLUDE_SOURCE;
				MTL_FAST_MATH = YES;
				ONLY_ACTIVE_ARCH = YES;
				SDKROOT = iphoneos;
				SWIFT_ACTIVE_COMPILATION_CONDITIONS = "DEBUG $(inherited)";
				SWIFT_OPTIMIZATION_LEVEL = "-Onone";
			};
			name = Debug;
		};
		84C2CB482CB8EDC2009C5B61 /* Release */ = {
			isa = XCBuildConfiguration;
			buildSettings = {
				ALWAYS_SEARCH_USER_PATHS = NO;
				ASSETCATALOG_COMPILER_GENERATE_SWIFT_ASSET_SYMBOL_EXTENSIONS = YES;
				CLANG_ANALYZER_NONNULL = YES;
				CLANG_ANALYZER_NUMBER_OBJECT_CONVERSION = YES_AGGRESSIVE;
				CLANG_CXX_LANGUAGE_STANDARD = "gnu++20";
				CLANG_ENABLE_MODULES = YES;
				CLANG_ENABLE_OBJC_ARC = YES;
				CLANG_ENABLE_OBJC_WEAK = YES;
				CLANG_WARN_BLOCK_CAPTURE_AUTORELEASING = YES;
				CLANG_WARN_BOOL_CONVERSION = YES;
				CLANG_WARN_COMMA = YES;
				CLANG_WARN_CONSTANT_CONVERSION = YES;
				CLANG_WARN_DEPRECATED_OBJC_IMPLEMENTATIONS = YES;
				CLANG_WARN_DIRECT_OBJC_ISA_USAGE = YES_ERROR;
				CLANG_WARN_DOCUMENTATION_COMMENTS = YES;
				CLANG_WARN_EMPTY_BODY = YES;
				CLANG_WARN_ENUM_CONVERSION = YES;
				CLANG_WARN_INFINITE_RECURSION = YES;
				CLANG_WARN_INT_CONVERSION = YES;
				CLANG_WARN_NON_LITERAL_NULL_CONVERSION = YES;
				CLANG_WARN_OBJC_IMPLICIT_RETAIN_SELF = YES;
				CLANG_WARN_OBJC_LITERAL_CONVERSION = YES;
				CLANG_WARN_OBJC_ROOT_CLASS = YES_ERROR;
				CLANG_WARN_QUOTED_INCLUDE_IN_FRAMEWORK_HEADER = YES;
				CLANG_WARN_RANGE_LOOP_ANALYSIS = YES;
				CLANG_WARN_STRICT_PROTOTYPES = YES;
				CLANG_WARN_SUSPICIOUS_MOVE = YES;
				CLANG_WARN_UNGUARDED_AVAILABILITY = YES_AGGRESSIVE;
				CLANG_WARN_UNREACHABLE_CODE = YES;
				CLANG_WARN__DUPLICATE_METHOD_MATCH = YES;
				COPY_PHASE_STRIP = NO;
				DEBUG_INFORMATION_FORMAT = "dwarf-with-dsym";
				ENABLE_NS_ASSERTIONS = NO;
				ENABLE_STRICT_OBJC_MSGSEND = YES;
				ENABLE_USER_SCRIPT_SANDBOXING = YES;
				GCC_C_LANGUAGE_STANDARD = gnu17;
				GCC_NO_COMMON_BLOCKS = YES;
				GCC_WARN_64_TO_32_BIT_CONVERSION = YES;
				GCC_WARN_ABOUT_RETURN_TYPE = YES_ERROR;
				GCC_WARN_UNDECLARED_SELECTOR = YES;
				GCC_WARN_UNINITIALIZED_AUTOS = YES_AGGRESSIVE;
				GCC_WARN_UNUSED_FUNCTION = YES;
				GCC_WARN_UNUSED_VARIABLE = YES;
				IPHONEOS_DEPLOYMENT_TARGET = 18.0;
				LOCALIZATION_PREFERS_STRING_CATALOGS = YES;
				MTL_ENABLE_DEBUG_INFO = NO;
				MTL_FAST_MATH = YES;
				SDKROOT = iphoneos;
				SWIFT_COMPILATION_MODE = wholemodule;
				VALIDATE_PRODUCT = YES;
			};
			name = Release;
		};
		84C2CB4A2CB8EDC2009C5B61 /* Debug */ = {
			isa = XCBuildConfiguration;
			buildSettings = {
				ASSETCATALOG_COMPILER_APPICON_NAME = AppIcon;
				ASSETCATALOG_COMPILER_GLOBAL_ACCENT_COLOR_NAME = AccentColor;
				CODE_SIGN_STYLE = Automatic;
				CURRENT_PROJECT_VERSION = 1;
				DEVELOPMENT_ASSET_PATHS = "\"wyj-Memorize/Preview Content\"";
				ENABLE_PREVIEWS = YES;
				GENERATE_INFOPLIST_FILE = YES;
				INFOPLIST_KEY_UIApplicationSceneManifest_Generation = YES;
				INFOPLIST_KEY_UIApplicationSupportsIndirectInputEvents = YES;
				INFOPLIST_KEY_UILaunchScreen_Generation = YES;
				INFOPLIST_KEY_UISupportedInterfaceOrientations_iPad = "UIInterfaceOrientationPortrait UIInterfaceOrientationPortraitUpsideDown UIInterfaceOrientationLandscapeLeft UIInterfaceOrientationLandscapeRight";
				INFOPLIST_KEY_UISupportedInterfaceOrientations_iPhone = "UIInterfaceOrientationPortrait UIInterfaceOrientationLandscapeLeft UIInterfaceOrientationLandscapeRight";
				LD_RUNPATH_SEARCH_PATHS = (
					"$(inherited)",
					"@executable_path/Frameworks",
				);
				MARKETING_VERSION = 1.0;
				PRODUCT_BUNDLE_IDENTIFIER = "cn.edu.tongji.iak.wyj-Memorize";
				PRODUCT_NAME = "$(TARGET_NAME)";
				SWIFT_EMIT_LOC_STRINGS = YES;
				SWIFT_VERSION = 5.0;
				TARGETED_DEVICE_FAMILY = "1,2";
			};
			name = Debug;
		};
		84C2CB4B2CB8EDC2009C5B61 /* Release */ = {
			isa = XCBuildConfiguration;
			buildSettings = {
				ASSETCATALOG_COMPILER_APPICON_NAME = AppIcon;
				ASSETCATALOG_COMPILER_GLOBAL_ACCENT_COLOR_NAME = AccentColor;
				CODE_SIGN_STYLE = Automatic;
				CURRENT_PROJECT_VERSION = 1;
				DEVELOPMENT_ASSET_PATHS = "\"wyj-Memorize/Preview Content\"";
				ENABLE_PREVIEWS = YES;
				GENERATE_INFOPLIST_FILE = YES;
				INFOPLIST_KEY_UIApplicationSceneManifest_Generation = YES;
				INFOPLIST_KEY_UIApplicationSupportsIndirectInputEvents = YES;
				INFOPLIST_KEY_UILaunchScreen_Generation = YES;
				INFOPLIST_KEY_UISupportedInterfaceOrientations_iPad = "UIInterfaceOrientationPortrait UIInterfaceOrientationPortraitUpsideDown UIInterfaceOrientationLandscapeLeft UIInterfaceOrientationLandscapeRight";
				INFOPLIST_KEY_UISupportedInterfaceOrientations_iPhone = "UIInterfaceOrientationPortrait UIInterfaceOrientationLandscapeLeft UIInterfaceOrientationLandscapeRight";
				LD_RUNPATH_SEARCH_PATHS = (
					"$(inherited)",
					"@executable_path/Frameworks",
				);
				MARKETING_VERSION = 1.0;
				PRODUCT_BUNDLE_IDENTIFIER = "cn.edu.tongji.iak.wyj-Memorize";
				PRODUCT_NAME = "$(TARGET_NAME)";
				SWIFT_EMIT_LOC_STRINGS = YES;
				SWIFT_VERSION = 5.0;
				TARGETED_DEVICE_FAMILY = "1,2";
			};
			name = Release;
		};
		84C2CB4D2CB8EDC2009C5B61 /* Debug */ = {
			isa = XCBuildConfiguration;
			buildSettings = {
				BUNDLE_LOADER = "$(TEST_HOST)";
				CODE_SIGN_STYLE = Automatic;
				CURRENT_PROJECT_VERSION = 1;
				GENERATE_INFOPLIST_FILE = YES;
				IPHONEOS_DEPLOYMENT_TARGET = 18.0;
				MARKETING_VERSION = 1.0;
				PRODUCT_BUNDLE_IDENTIFIER = "cn.edu.tongji.iak.wyj-MemorizeTests";
				PRODUCT_NAME = "$(TARGET_NAME)";
				SWIFT_EMIT_LOC_STRINGS = NO;
				SWIFT_VERSION = 5.0;
				TARGETED_DEVICE_FAMILY = "1,2";
				TEST_HOST = "$(BUILT_PRODUCTS_DIR)/wyj-Memorize.app/$(BUNDLE_EXECUTABLE_FOLDER_PATH)/wyj-Memorize";
			};
			name = Debug;
		};
		84C2CB4E2CB8EDC2009C5B61 /* Release */ = {
			isa = XCBuildConfiguration;
			buildSettings = {
				BUNDLE_LOADER = "$(TEST_HOST)";
				CODE_SIGN_STYLE = Automatic;
				CURRENT_PROJECT_VERSION = 1;
				GENERATE_INFOPLIST_FILE = YES;
				IPHONEOS_DEPLOYMENT_TARGET = 18.0;
				MARKETING_VERSION = 1.0;
				PRODUCT_BUNDLE_IDENTIFIER = "cn.edu.tongji.iak.wyj-MemorizeTests";
				PRODUCT_NAME = "$(TARGET_NAME)";
				SWIFT_EMIT_LOC_STRINGS = NO;
				SWIFT_VERSION = 5.0;
				TARGETED_DEVICE_FAMILY = "1,2";
				TEST_HOST = "$(BUILT_PRODUCTS_DIR)/wyj-Memorize.app/$(BUNDLE_EXECUTABLE_FOLDER_PATH)/wyj-Memorize";
			};
			name = Release;
		};
		84C2CB502CB8EDC2009C5B61 /* Debug */ = {
			isa = XCBuildConfiguration;
			buildSettings = {
				CODE_SIGN_STYLE = Automatic;
				CURRENT_PROJECT_VERSION = 1;
				GENERATE_INFOPLIST_FILE = YES;
				MARKETING_VERSION = 1.0;
				PRODUCT_BUNDLE_IDENTIFIER = "cn.edu.tongji.iak.wyj-MemorizeUITests";
				PRODUCT_NAME = "$(TARGET_NAME)";
				SWIFT_EMIT_LOC_STRINGS = NO;
				SWIFT_VERSION = 5.0;
				TARGETED_DEVICE_FAMILY = "1,2";
				TEST_TARGET_NAME = "wyj-Memorize";
			};
			name = Debug;
		};
		84C2CB512CB8EDC2009C5B61 /* Release */ = {
			isa = XCBuildConfiguration;
			buildSettings = {
				CODE_SIGN_STYLE = Automatic;
				CURRENT_PROJECT_VERSION = 1;
				GENERATE_INFOPLIST_FILE = YES;
				MARKETING_VERSION = 1.0;
				PRODUCT_BUNDLE_IDENTIFIER = "cn.edu.tongji.iak.wyj-MemorizeUITests";
				PRODUCT_NAME = "$(TARGET_NAME)";
				SWIFT_EMIT_LOC_STRINGS = NO;
				SWIFT_VERSION = 5.0;
				TARGETED_DEVICE_FAMILY = "1,2";
				TEST_TARGET_NAME = "wyj-Memorize";
			};
			name = Release;
		};
/* End XCBuildConfiguration section */

/* Begin XCConfigurationList section */
		84C2CB202CB8EDC1009C5B61 /* Build configuration list for PBXProject "wyj-Memorize" */ = {
			isa = XCConfigurationList;
			buildConfigurations = (
				84C2CB472CB8EDC2009C5B61 /* Debug */,
				84C2CB482CB8EDC2009C5B61 /* Release */,
			);
			defaultConfigurationIsVisible = 0;
			defaultConfigurationName = Release;
		};
		84C2CB492CB8EDC2009C5B61 /* Build configuration list for PBXNativeTarget "wyj-Memorize" */ = {
			isa = XCConfigurationList;
			buildConfigurations = (
				84C2CB4A2CB8EDC2009C5B61 /* Debug */,
				84C2CB4B2CB8EDC2009C5B61 /* Release */,
			);
			defaultConfigurationIsVisible = 0;
			defaultConfigurationName = Release;
		};
		84C2CB4C2CB8EDC2009C5B61 /* Build configuration list for PBXNativeTarget "wyj-MemorizeTests" */ = {
			isa = XCConfigurationList;
			buildConfigurations = (
				84C2CB4D2CB8EDC2009C5B61 /* Debug */,
				84C2CB4E2CB8EDC2009C5B61 /* Release */,
			);
			defaultConfigurationIsVisible = 0;
			defaultConfigurationName = Release;
		};
		84C2CB4F2CB8EDC2009C5B61 /* Build configuration list for PBXNativeTarget "wyj-MemorizeUITests" */ = {
			isa = XCConfigurationList;
			buildConfigurations = (
				84C2CB502CB8EDC2009C5B61 /* Debug */,
				84C2CB512CB8EDC2009C5B61 /* Release */,
			);
			defaultConfigurationIsVisible = 0;
			defaultConfigurationName = Release;
		};
/* End XCConfigurationList section */
	};
	rootObject = 84C2CB1D2CB8EDC1009C5B61 /* Project object */;
}
